PODS:
  - Kingfisher (7.6.2)
  - netfox (1.21.0)

DEPENDENCIES:
  - Kingfisher
  - netfox

SPEC REPOS:
  trunk:
    - Kingfisher
    - netfox

SPEC CHECKSUMS:
  Kingfisher: 6c5449c6450c5239166510ba04afe374a98afc4f
  netfox: 9d5cc727fe7576c4c7688a2504618a156b7d44b7

PODFILE CHECKSUM: 67830d06c3444d4c77b02f908c0c6fa74f887cde

COCOAPODS: 1.11.3
